PODS:
  - Cheetah-iOS (2.0.0)
  - ios-voice-processor (1.1.0)
  - Orca-iOS (0.2.0)
  - picoLLM-iOS (1.0.0)
  - Porcupine-iOS (3.0.1):
    - ios-voice-processor (~> 1.1.0)

DEPENDENCIES:
  - Cheetah-iOS (~> 2.0.0)
  - ios-voice-processor (~> 1.1.0)
  - Orca-iOS (~> 0.2.0)
  - picoLLM-iOS (~> 1.0.0)
  - Porcupine-iOS (~> 3.0.1)

SPEC REPOS:
  trunk:
    - Cheetah-iOS
    - ios-voice-processor
    - Orca-iOS
    - picoLLM-iOS
    - Porcupine-iOS

SPEC CHECKSUMS:
  Cheetah-iOS: d98a5edcbf3b74dda6027aeac6a8c0f5997a47a2
  ios-voice-processor: 8e32d7f980a06d392d128ef1cd19cf6ddcaca3c1
  Orca-iOS: 01bbf44ba52a102104fc09aded6bfda7beb4865e
  picoLLM-iOS: 02cdb501b4beb74a9c1dea29d5cf461d65ea4a6c
  Porcupine-iOS: 6d69509fa587f3ac0be1adfefb48e0c6ce029fff

PODFILE CHECKSUM: fd2c9aed618f1b38241355e2fca6f64e56e1f88c

COCOAPODS: 1.15.2
