PODS:
  - Cheetah-iOS (2.0.1)
  - ios-voice-processor (1.1.2)
  - Orca-iOS (1.0.1)
  - picoLLM-iOS (1.2.4)
  - Porcupine-iOS (3.0.2):
    - ios-voice-processor (~> 1.1.1)

DEPENDENCIES:
  - Cheetah-iOS (~> 2.0.0)
  - ios-voice-processor (~> 1.1.0)
  - Orca-iOS (~> 1.0.0)
  - picoLLM-iOS (~> 1.2.4)
  - Porcupine-iOS (~> 3.0.1)

SPEC REPOS:
  trunk:
    - Cheetah-iOS
    - ios-voice-processor
    - Orca-iOS
    - picoLLM-iOS
    - Porcupine-iOS

SPEC CHECKSUMS:
  Cheetah-iOS: 2f1a662b84de3696498b9f9bbac3758b1b19ccb7
  ios-voice-processor: 00bf226d172c7006f565d6b6dbf2dc5e5b76938b
  Orca-iOS: 4737912b04dd7740a334ae7041c38647c89af026
  picoLLM-iOS: 5603adaccdaf94685773e1a1aaa9bb47f5a170c0
  Porcupine-iOS: b8408a28fe3df81ea8d8f3cf1e5a04823ffb71d3

PODFILE CHECKSUM: ccf4a0bb8d40b0ee55eb5145a8f36bf009b38dad

COCOAPODS: 1.15.2
