// !$*UTF8*$!
{
	archiveVersion = 1;
	classes = {
	};
	objectVersion = 77;
	objects = {

/* Begin PBXBuildFile section */
		071545E42FC12732004D77DE /* Orca in Frameworks */ = {isa = PBXBuildFile; productRef = 071545E32FC12732004D77DE /* Orca */; };
		071545E72FC1277A004D77DE /* Rhino in Frameworks */ = {isa = PBXBuildFile; productRef = 071545E62FC1277A004D77DE /* Rhino */; };
		348EF47D2FAA8C94009C8F51 /* Eagle in Frameworks */ = {isa = PBXBuildFile; productRef = 348EF47C2FAA8C94009C8F51 /* Eagle */; };
		348EF4802FAA8CC5009C8F51 /* Porcupine in Frameworks */ = {isa = PBXBuildFile; productRef = 348EF47F2FAA8CC5009C8F51 /* Porcupine */; };
		348EF4832FAA8CD4009C8F51 /* ios_voice_processor in Frameworks */ = {isa = PBXBuildFile; productRef = 348EF4822FAA8CD4009C8F51 /* ios_voice_processor */; };
/* End PBXBuildFile section */

/* Begin PBXFileReference section */
		348EF4522FAA8B11009C8F51 /* SpeakerAwareVoiceAssistant.app */ = {isa = PBXFileReference; explicitFileType = wrapper.application; includeInIndex = 0; path = SpeakerAwareVoiceAssistant.app; sourceTree = BUILT_PRODUCTS_DIR; };
/* End PBXFileReference section */

/* Begin PBXFileSystemSynchronizedRootGroup section */
		348EF4542FAA8B11009C8F51 /* SpeakerAwareVoiceAssistant */ = {
			isa = PBXFileSystemSynchronizedRootGroup;
			path = SpeakerAwareVoiceAssistant;
			sourceTree = "<group>";
		};
/* End PBXFileSystemSynchronizedRootGroup section */

/* Begin PBXFrameworksBuildPhase section */
		348EF44F2FAA8B11009C8F51 /* Frameworks */ = {
			isa = PBXFrameworksBuildPhase;
			buildActionMask = 2147483647;
			files = (
				071545E72FC1277A004D77DE /* Rhino in Frameworks */,
				348EF4802FAA8CC5009C8F51 /* Porcupine in Frameworks */,
				071545E42FC12732004D77DE /* Orca in Frameworks */,
				348EF4832FAA8CD4009C8F51 /* ios_voice_processor in Frameworks */,
				348EF47D2FAA8C94009C8F51 /* Eagle in Frameworks */,
			);
			runOnlyForDeploymentPostprocessing = 0;
		};
/* End PBXFrameworksBuildPhase section */

/* Begin PBXGroup section */
		348EF4492FAA8B11009C8F51 = {
			isa = PBXGroup;
			children = (
				348EF4542FAA8B11009C8F51 /* SpeakerAwareVoiceAssistant */,
				348EF4532FAA8B11009C8F51 /* Products */,
			);
			sourceTree = "<group>";
		};
		348EF4532FAA8B11009C8F51 /* Products */ = {
			isa = PBXGroup;
			children = (
				348EF4522FAA8B11009C8F51 /* SpeakerAwareVoiceAssistant.app */,
			);
			name = Products;
			sourceTree = "<group>";
		};
/* End PBXGroup section */

/* Begin PBXNativeTarget section */
		348EF4512FAA8B11009C8F51 /* SpeakerAwareVoiceAssistant */ = {
			isa = PBXNativeTarget;
			buildConfigurationList = 348EF45D2FAA8B13009C8F51 /* Build configuration list for PBXNativeTarget "SpeakerAwareVoiceAssistant" */;
			buildPhases = (
				348EF44E2FAA8B11009C8F51 /* Sources */,
				348EF44F2FAA8B11009C8F51 /* Frameworks */,
				348EF4502FAA8B11009C8F51 /* Resources */,
			);
			buildRules = (
			);
			dependencies = (
			);
			fileSystemSynchronizedGroups = (
				348EF4542FAA8B11009C8F51 /* SpeakerAwareVoiceAssistant */,
			);
			name = SpeakerAwareVoiceAssistant;
			packageProductDependencies = (
				348EF47C2FAA8C94009C8F51 /* Eagle */,
				348EF47F2FAA8CC5009C8F51 /* Porcupine */,
				348EF4822FAA8CD4009C8F51 /* ios_voice_processor */,
				071545E32FC12732004D77DE /* Orca */,
				071545E62FC1277A004D77DE /* Rhino */,
			);
			productName = SpeakerAwareVoiceAssistant;
			productReference = 348EF4522FAA8B11009C8F51 /* SpeakerAwareVoiceAssistant.app */;
			productType = "com.apple.product-type.application";
		};
/* End PBXNativeTarget section */

/* Begin PBXProject section */
		348EF44A2FAA8B11009C8F51 /* Project object */ = {
			isa = PBXProject;
			attributes = {
				BuildIndependentTargetsInParallel = 1;
				LastSwiftUpdateCheck = 1640;
				LastUpgradeCheck = 1640;
				TargetAttributes = {
					348EF4512FAA8B11009C8F51 = {
						CreatedOnToolsVersion = 16.4;
					};
				};
			};
			buildConfigurationList = 348EF44D2FAA8B11009C8F51 /* Build configuration list for PBXProject "SpeakerAwareVoiceAssistant" */;
			developmentRegion = en;
			hasScannedForEncodings = 0;
			knownRegions = (
				en,
				Base,
			);
			mainGroup = 348EF4492FAA8B11009C8F51;
			minimizedProjectReferenceProxies = 1;
			packageReferences = (
				348EF47B2FAA8C94009C8F51 /* XCRemoteSwiftPackageReference "eagle" */,
				348EF47E2FAA8CC5009C8F51 /* XCRemoteSwiftPackageReference "porcupine" */,
				348EF4812FAA8CD4009C8F51 /* XCRemoteSwiftPackageReference "ios-voice-processor" */,
				071545E22FC12732004D77DE /* XCRemoteSwiftPackageReference "orca" */,
				071545E52FC1277A004D77DE /* XCRemoteSwiftPackageReference "rhino" */,
			);
			preferredProjectObjectVersion = 77;
			productRefGroup = 348EF4532FAA8B11009C8F51 /* Products */;
			projectDirPath = "";
			projectRoot = "";
			targets = (
				348EF4512FAA8B11009C8F51 /* SpeakerAwareVoiceAssistant */,
			);
		};
/* End PBXProject section */

/* Begin PBXResourcesBuildPhase section */
		348EF4502FAA8B11009C8F51 /* Resources */ = {
			isa = PBXResourcesBuildPhase;
			buildActionMask = 2147483647;
			files = (
			);
			runOnlyForDeploymentPostprocessing = 0;
		};
/* End PBXResourcesBuildPhase section */

/* Begin PBXSourcesBuildPhase section */
		348EF44E2FAA8B11009C8F51 /* Sources */ = {
			isa = PBXSourcesBuildPhase;
			buildActionMask = 2147483647;
			files = (
			);
			runOnlyForDeploymentPostprocessing = 0;
		};
/* End PBXSourcesBuildPhase section */

/* Begin XCBuildConfiguration section */
		348EF45B2FAA8B13009C8F51 /* Debug */ = {
			isa = XCBuildConfiguration;
			buildSettings = {
				ALWAYS_SEARCH_USER_PATHS = NO;
				ASSETCATALOG_COMPILER_GENERATE_SWIFT_ASSET_SYMBOL_EXTENSIONS = YES;
				CLANG_ANALYZER_NONNULL = YES;
				CLANG_ANALYZER_NUMBER_OBJECT_CONVERSION = YES_AGGRESSIVE;
				CLANG_CXX_LANGUAGE_STANDARD = "gnu++20";
				CLANG_ENABLE_MODULES = YES;
				CLANG_ENABLE_OBJC_ARC = YES;
				CLANG_ENABLE_OBJC_WEAK = YES;
				CLANG_WARN_BLOCK_CAPTURE_AUTORELEASING = YES;
				CLANG_WARN_BOOL_CONVERSION = YES;
				CLANG_WARN_COMMA = YES;
				CLANG_WARN_CONSTANT_CONVERSION = YES;
				CLANG_WARN_DEPRECATED_OBJC_IMPLEMENTATIONS = YES;
				CLANG_WARN_DIRECT_OBJC_ISA_USAGE = YES_ERROR;
				CLANG_WARN_DOCUMENTATION_COMMENTS = YES;
				CLANG_WARN_EMPTY_BODY = YES;
				CLANG_WARN_ENUM_CONVERSION = YES;
				CLANG_WARN_INFINITE_RECURSION = YES;
				CLANG_WARN_INT_CONVERSION = YES;
				CLANG_WARN_NON_LITERAL_NULL_CONVERSION = YES;
				CLANG_WARN_OBJC_IMPLICIT_RETAIN_SELF = YES;
				CLANG_WARN_OBJC_LITERAL_CONVERSION = YES;
				CLANG_WARN_OBJC_ROOT_CLASS = YES_ERROR;
				CLANG_WARN_QUOTED_INCLUDE_IN_FRAMEWORK_HEADER = YES;
				CLANG_WARN_RANGE_LOOP_ANALYSIS = YES;
				CLANG_WARN_STRICT_PROTOTYPES = YES;
				CLANG_WARN_SUSPICIOUS_MOVE = YES;
				CLANG_WARN_UNGUARDED_AVAILABILITY = YES_AGGRESSIVE;
				CLANG_WARN_UNREACHABLE_CODE = YES;
				CLANG_WARN__DUPLICATE_METHOD_MATCH = YES;
				COPY_PHASE_STRIP = NO;
				DEBUG_INFORMATION_FORMAT = dwarf;
				ENABLE_STRICT_OBJC_MSGSEND = YES;
				ENABLE_TESTABILITY = YES;
				ENABLE_USER_SCRIPT_SANDBOXING = YES;
				GCC_C_LANGUAGE_STANDARD = gnu17;
				GCC_DYNAMIC_NO_PIC = NO;
				GCC_NO_COMMON_BLOCKS = YES;
				GCC_OPTIMIZATION_LEVEL = 0;
				GCC_PREPROCESSOR_DEFINITIONS = (
					"DEBUG=1",
					"$(inherited)",
				);
				GCC_WARN_64_TO_32_BIT_CONVERSION = YES;
				GCC_WARN_ABOUT_RETURN_TYPE = YES_ERROR;
				GCC_WARN_UNDECLARED_SELECTOR = YES;
				GCC_WARN_UNINITIALIZED_AUTOS = YES_AGGRESSIVE;
				GCC_WARN_UNUSED_FUNCTION = YES;
				GCC_WARN_UNUSED_VARIABLE = YES;
				IPHONEOS_DEPLOYMENT_TARGET = 18.5;
				LOCALIZATION_PREFERS_STRING_CATALOGS = YES;
				MTL_ENABLE_DEBUG_INFO = INCLUDE_SOURCE;
				MTL_FAST_MATH = YES;
				ONLY_ACTIVE_ARCH = YES;
				SDKROOT = iphoneos;
				SWIFT_ACTIVE_COMPILATION_CONDITIONS = "DEBUG $(inherited)";
				SWIFT_OPTIMIZATION_LEVEL = "-Onone";
			};
			name = Debug;
		};
		348EF45C2FAA8B13009C8F51 /* Release */ = {
			isa = XCBuildConfiguration;
			buildSettings = {
				ALWAYS_SEARCH_USER_PATHS = NO;
				ASSETCATALOG_COMPILER_GENERATE_SWIFT_ASSET_SYMBOL_EXTENSIONS = YES;
				CLANG_ANALYZER_NONNULL = YES;
				CLANG_ANALYZER_NUMBER_OBJECT_CONVERSION = YES_AGGRESSIVE;
				CLANG_CXX_LANGUAGE_STANDARD = "gnu++20";
				CLANG_ENABLE_MODULES = YES;
				CLANG_ENABLE_OBJC_ARC = YES;
				CLANG_ENABLE_OBJC_WEAK = YES;
				CLANG_WARN_BLOCK_CAPTURE_AUTORELEASING = YES;
				CLANG_WARN_BOOL_CONVERSION = YES;
				CLANG_WARN_COMMA = YES;
				CLANG_WARN_CONSTANT_CONVERSION = YES;
				CLANG_WARN_DEPRECATED_OBJC_IMPLEMENTATIONS = YES;
				CLANG_WARN_DIRECT_OBJC_ISA_USAGE = YES_ERROR;
				CLANG_WARN_DOCUMENTATION_COMMENTS = YES;
				CLANG_WARN_EMPTY_BODY = YES;
				CLANG_WARN_ENUM_CONVERSION = YES;
				CLANG_WARN_INFINITE_RECURSION = YES;
				CLANG_WARN_INT_CONVERSION = YES;
				CLANG_WARN_NON_LITERAL_NULL_CONVERSION = YES;
				CLANG_WARN_OBJC_IMPLICIT_RETAIN_SELF = YES;
				CLANG_WARN_OBJC_LITERAL_CONVERSION = YES;
				CLANG_WARN_OBJC_ROOT_CLASS = YES_ERROR;
				CLANG_WARN_QUOTED_INCLUDE_IN_FRAMEWORK_HEADER = YES;
				CLANG_WARN_RANGE_LOOP_ANALYSIS = YES;
				CLANG_WARN_STRICT_PROTOTYPES = YES;
				CLANG_WARN_SUSPICIOUS_MOVE = YES;
				CLANG_WARN_UNGUARDED_AVAILABILITY = YES_AGGRESSIVE;
				CLANG_WARN_UNREACHABLE_CODE = YES;
				CLANG_WARN__DUPLICATE_METHOD_MATCH = YES;
				COPY_PHASE_STRIP = NO;
				DEBUG_INFORMATION_FORMAT = "dwarf-with-dsym";
				ENABLE_NS_ASSERTIONS = NO;
				ENABLE_STRICT_OBJC_MSGSEND = YES;
				ENABLE_USER_SCRIPT_SANDBOXING = YES;
				GCC_C_LANGUAGE_STANDARD = gnu17;
				GCC_NO_COMMON_BLOCKS = YES;
				GCC_WARN_64_TO_32_BIT_CONVERSION = YES;
				GCC_WARN_ABOUT_RETURN_TYPE = YES_ERROR;
				GCC_WARN_UNDECLARED_SELECTOR = YES;
				GCC_WARN_UNINITIALIZED_AUTOS = YES_AGGRESSIVE;
				GCC_WARN_UNUSED_FUNCTION = YES;
				GCC_WARN_UNUSED_VARIABLE = YES;
				IPHONEOS_DEPLOYMENT_TARGET = 18.5;
				LOCALIZATION_PREFERS_STRING_CATALOGS = YES;
				MTL_ENABLE_DEBUG_INFO = NO;
				MTL_FAST_MATH = YES;
				SDKROOT = iphoneos;
				SWIFT_COMPILATION_MODE = wholemodule;
				VALIDATE_PRODUCT = YES;
			};
			name = Release;
		};
		348EF45E2FAA8B13009C8F51 /* Debug */ = {
			isa = XCBuildConfiguration;
			buildSettings = {
				ASSETCATALOG_COMPILER_APPICON_NAME = AppIcon;
				ASSETCATALOG_COMPILER_GLOBAL_ACCENT_COLOR_NAME = AccentColor;
				CODE_SIGN_STYLE = Automatic;
				CURRENT_PROJECT_VERSION = 1;
				DEVELOPMENT_TEAM = EU9HUJJU2X;
				ENABLE_PREVIEWS = YES;
				GENERATE_INFOPLIST_FILE = YES;
				INFOPLIST_KEY_NSMicrophoneUsageDescription = "For voice assistant";
				INFOPLIST_KEY_UIApplicationSceneManifest_Generation = YES;
				INFOPLIST_KEY_UIApplicationSupportsIndirectInputEvents = YES;
				INFOPLIST_KEY_UILaunchScreen_Generation = YES;
				INFOPLIST_KEY_UISupportedInterfaceOrientations_iPad = "UIInterfaceOrientationPortrait UIInterfaceOrientationPortraitUpsideDown UIInterfaceOrientationLandscapeLeft UIInterfaceOrientationLandscapeRight";
				INFOPLIST_KEY_UISupportedInterfaceOrientations_iPhone = "UIInterfaceOrientationPortrait UIInterfaceOrientationLandscapeLeft UIInterfaceOrientationLandscapeRight";
				IPHONEOS_DEPLOYMENT_TARGET = 17.0;
				LD_RUNPATH_SEARCH_PATHS = (
					"$(inherited)",
					"@executable_path/Frameworks",
				);
				MARKETING_VERSION = 1.0;
				PRODUCT_BUNDLE_IDENTIFIER = ai.picovoice.SpeakerAwareVoiceAssistant;
				PRODUCT_NAME = "$(TARGET_NAME)";
				SWIFT_EMIT_LOC_STRINGS = YES;
				SWIFT_VERSION = 5.0;
				TARGETED_DEVICE_FAMILY = "1,2";
			};
			name = Debug;
		};
		348EF45F2FAA8B13009C8F51 /* Release */ = {
			isa = XCBuildConfiguration;
			buildSettings = {
				ASSETCATALOG_COMPILER_APPICON_NAME = AppIcon;
				ASSETCATALOG_COMPILER_GLOBAL_ACCENT_COLOR_NAME = AccentColor;
				CODE_SIGN_STYLE = Automatic;
				CURRENT_PROJECT_VERSION = 1;
				DEVELOPMENT_TEAM = EU9HUJJU2X;
				ENABLE_PREVIEWS = YES;
				GENERATE_INFOPLIST_FILE = YES;
				INFOPLIST_KEY_NSMicrophoneUsageDescription = "For voice assistant";
				INFOPLIST_KEY_UIApplicationSceneManifest_Generation = YES;
				INFOPLIST_KEY_UIApplicationSupportsIndirectInputEvents = YES;
				INFOPLIST_KEY_UILaunchScreen_Generation = YES;
				INFOPLIST_KEY_UISupportedInterfaceOrientations_iPad = "UIInterfaceOrientationPortrait UIInterfaceOrientationPortraitUpsideDown UIInterfaceOrientationLandscapeLeft UIInterfaceOrientationLandscapeRight";
				INFOPLIST_KEY_UISupportedInterfaceOrientations_iPhone = "UIInterfaceOrientationPortrait UIInterfaceOrientationLandscapeLeft UIInterfaceOrientationLandscapeRight";
				IPHONEOS_DEPLOYMENT_TARGET = 17.0;
				LD_RUNPATH_SEARCH_PATHS = (
					"$(inherited)",
					"@executable_path/Frameworks",
				);
				MARKETING_VERSION = 1.0;
				PRODUCT_BUNDLE_IDENTIFIER = ai.picovoice.SpeakerAwareVoiceAssistant;
				PRODUCT_NAME = "$(TARGET_NAME)";
				SWIFT_EMIT_LOC_STRINGS = YES;
				SWIFT_VERSION = 5.0;
				TARGETED_DEVICE_FAMILY = "1,2";
			};
			name = Release;
		};
/* End XCBuildConfiguration section */

/* Begin XCConfigurationList section */
		348EF44D2FAA8B11009C8F51 /* Build configuration list for PBXProject "SpeakerAwareVoiceAssistant" */ = {
			isa = XCConfigurationList;
			buildConfigurations = (
				348EF45B2FAA8B13009C8F51 /* Debug */,
				348EF45C2FAA8B13009C8F51 /* Release */,
			);
			defaultConfigurationIsVisible = 0;
			defaultConfigurationName = Release;
		};
		348EF45D2FAA8B13009C8F51 /* Build configuration list for PBXNativeTarget "SpeakerAwareVoiceAssistant" */ = {
			isa = XCConfigurationList;
			buildConfigurations = (
				348EF45E2FAA8B13009C8F51 /* Debug */,
				348EF45F2FAA8B13009C8F51 /* Release */,
			);
			defaultConfigurationIsVisible = 0;
			defaultConfigurationName = Release;
		};
/* End XCConfigurationList section */

/* Begin XCRemoteSwiftPackageReference section */
		071545E22FC12732004D77DE /* XCRemoteSwiftPackageReference "orca" */ = {
			isa = XCRemoteSwiftPackageReference;
			repositoryURL = "https://github.com/Picovoice/orca";
			requirement = {
				kind = exactVersion;
				version = 3.0.0;
			};
		};
		071545E52FC1277A004D77DE /* XCRemoteSwiftPackageReference "rhino" */ = {
			isa = XCRemoteSwiftPackageReference;
			repositoryURL = "https://github.com/Picovoice/rhino";
			requirement = {
				kind = exactVersion;
				version = 4.0.0;
			};
		};
		348EF47B2FAA8C94009C8F51 /* XCRemoteSwiftPackageReference "eagle" */ = {
			isa = XCRemoteSwiftPackageReference;
			repositoryURL = "https://github.com/picovoice/eagle";
			requirement = {
				kind = exactVersion;
				version = 3.0.1;
			};
		};
		348EF47E2FAA8CC5009C8F51 /* XCRemoteSwiftPackageReference "porcupine" */ = {
			isa = XCRemoteSwiftPackageReference;
			repositoryURL = "https://github.com/picovoice/porcupine";
			requirement = {
				kind = exactVersion;
				version = 4.0.0;
			};
		};
		348EF4812FAA8CD4009C8F51 /* XCRemoteSwiftPackageReference "ios-voice-processor" */ = {
			isa = XCRemoteSwiftPackageReference;
			repositoryURL = "https://github.com/picovoice/ios-voice-processor";
			requirement = {
				kind = exactVersion;
				version = 1.2.0;
			};
		};
/* End XCRemoteSwiftPackageReference section */

/* Begin XCSwiftPackageProductDependency section */
		071545E32FC12732004D77DE /* Orca */ = {
			isa = XCSwiftPackageProductDependency;
			package = 071545E22FC12732004D77DE /* XCRemoteSwiftPackageReference "orca" */;
			productName = Orca;
		};
		071545E62FC1277A004D77DE /* Rhino */ = {
			isa = XCSwiftPackageProductDependency;
			package = 071545E52FC1277A004D77DE /* XCRemoteSwiftPackageReference "rhino" */;
			productName = Rhino;
		};
		348EF47C2FAA8C94009C8F51 /* Eagle */ = {
			isa = XCSwiftPackageProductDependency;
			package = 348EF47B2FAA8C94009C8F51 /* XCRemoteSwiftPackageReference "eagle" */;
			productName = Eagle;
		};
		348EF47F2FAA8CC5009C8F51 /* Porcupine */ = {
			isa = XCSwiftPackageProductDependency;
			package = 348EF47E2FAA8CC5009C8F51 /* XCRemoteSwiftPackageReference "porcupine" */;
			productName = Porcupine;
		};
		348EF4822FAA8CD4009C8F51 /* ios_voice_processor */ = {
			isa = XCSwiftPackageProductDependency;
			package = 348EF4812FAA8CD4009C8F51 /* XCRemoteSwiftPackageReference "ios-voice-processor" */;
			productName = ios_voice_processor;
		};
/* End XCSwiftPackageProductDependency section */
	};
	rootObject = 348EF44A2FAA8B11009C8F51 /* Project object */;
}
