Microsoft Visual Studio Solution File, Format Version 12.00
# Visual Studio Version 17
VisualStudioVersion = 17.5.2.0
MinimumVisualStudioVersion = 10.0.40219.1
Project("{FAE04EC0-301F-11D3-BF4B-00C04F79EFBC}") = "LLMVoiceAssistant", "LLMVoiceAssistant\LLMVoiceAssistant.csproj", "{607FFBED-79C4-8BF7-233D-1F2730A604E4}"
EndProject
Global
	GlobalSection(SolutionConfigurationPlatforms) = preSolution
		Debug|Any CPU = Debug|Any CPU
		Release|Any CPU = Release|Any CPU
	EndGlobalSection
	GlobalSection(ProjectConfigurationPlatforms) = postSolution
		{607FFBED-79C4-8BF7-233D-1F2730A604E4}.Debug|Any CPU.ActiveCfg = Debug|Any CPU
		{607FFBED-79C4-8BF7-233D-1F2730A604E4}.Debug|Any CPU.Build.0 = Debug|Any CPU
		{607FFBED-79C4-8BF7-233D-1F2730A604E4}.Release|Any CPU.ActiveCfg = Release|Any CPU
		{607FFBED-79C4-8BF7-233D-1F2730A604E4}.Release|Any CPU.Build.0 = Release|Any CPU
	EndGlobalSection
	GlobalSection(SolutionProperties) = preSolution
		HideSolutionNode = FALSE
	EndGlobalSection
	GlobalSection(ExtensibilityGlobals) = postSolution
		SolutionGuid = {8CA81F63-8956-4A72-AACF-3A8733FC4C80}
	EndGlobalSection
EndGlobal
