# THIS IS AN AUTOGENERATED FILE. DO NOT EDIT THIS FILE DIRECTLY.
# yarn lockfile v1


"@picovoice/cheetah-node@^2.0.2":
  version "2.0.2"
  resolved "https://registry.yarnpkg.com/@picovoice/cheetah-node/-/cheetah-node-2.0.2.tgz#6d1153f0ada1e625d13b4521c8dcac5a62eeaf24"
  integrity sha512-4bmE+OnvEqGoT3V1q+0wVbOvMy0nbSA+nAUHdG+GlMfJaEaC0QNzk9WTNevkV7eAEtbmjVj9tB2VkFfGNoQpNA==

"@picovoice/orca-node@^1.0.0":
  version "1.0.0"
  resolved "https://registry.yarnpkg.com/@picovoice/orca-node/-/orca-node-1.0.0.tgz#812728c3183a914eff6b3189dfa958ef4d44f2f7"
  integrity sha512-YDTqJ5KsueBC4Nj0Zo287VF+/y7SRjXbOyHy8h66joJYPF0QNsz8oDCzbQO7hzymNbkFXd0crMPK+gQElvd83w==

"@picovoice/picollm-node@=1.0.2":
  version "1.0.2"
  resolved "https://registry.yarnpkg.com/@picovoice/picollm-node/-/picollm-node-1.0.2.tgz#7262687eb6f0729af0e3ac7def495ccad092d525"
  integrity sha512-VfJ5cVcF70BLRBCCyRsY2jFJXrXVpQqITT6Denr9Nd1poVzFk7x3KlJN8UtscXbKuqM+xfV1Jot5UVs9z+cj5g==

"@picovoice/porcupine-node@^3.0.3":
  version "3.0.3"
  resolved "https://registry.yarnpkg.com/@picovoice/porcupine-node/-/porcupine-node-3.0.3.tgz#c5c9f45da75d0710acedb2387e54c0d3439df45d"
  integrity sha512-GL2ecilHYUsCiYLI9xHZasULWwkPwE/+B0u9mdSjb9WiSIEuYrPE5K7hEBToB+H6amibhXlbIX1/aQxX1sFflw==

"@picovoice/pvrecorder-node@^1.2.3":
  version "1.2.3"
  resolved "https://registry.yarnpkg.com/@picovoice/pvrecorder-node/-/pvrecorder-node-1.2.3.tgz#d0cb1d1ab82fbd2e914fda4e19b1dd0022609b48"
  integrity sha512-6QOODFyGDgfWZI1NeXwMxylgaxJ+c5aVbvpDMGMen287eCajp/LDnxy3J1bZHceHsW3ilk/d4rCRLyifqcr24Q==

"@picovoice/pvspeaker-node@^1.0.0":
  version "1.0.0"
  resolved "https://registry.yarnpkg.com/@picovoice/pvspeaker-node/-/pvspeaker-node-1.0.0.tgz#6b87b86138a8bb256e46ea41cb7d258ff8534337"
  integrity sha512-qhH4ktObGj/Dd7iiptPXqf89U3l7FbCiaB1xY439YE3EFLsfsvZvjAzEwsF5A01h47AbXJTCdAjvkXrcsdt0/w==

commander@^6.1.0:
  version "6.2.1"
  resolved "https://registry.yarnpkg.com/commander/-/commander-6.2.1.tgz#0792eb682dfbc325999bb2b84fddddba110ac73c"
  integrity sha512-U7VdrJFnJgo4xjrHpTzu0yrHPGImdsmD95ZlgYSEajAn2JKzDhDTPG9kBTefmObL2w/ngeZnilk+OV9CG3d7UA==
