// !$*UTF8*$!
{
	archiveVersion = 1;
	classes = {
	};
	objectVersion = 77;
	objects = {

/* Begin PBXBuildFile section */
		347317B22FB3FA560095FF84 /* Cheetah in Frameworks */ = {isa = PBXBuildFile; productRef = 347317B12FB3FA560095FF84 /* Cheetah */; };
		347317B52FB3FA930095FF84 /* Zebra in Frameworks */ = {isa = PBXBuildFile; productRef = 347317B42FB3FA930095FF84 /* Zebra */; };
		347317B82FB3FAAC0095FF84 /* ios_voice_processor in Frameworks */ = {isa = PBXBuildFile; productRef = 347317B72FB3FAAC0095FF84 /* ios_voice_processor */; };
/* End PBXBuildFile section */

/* Begin PBXFileReference section */
		3473178E2FB3F6B40095FF84 /* LiveCaptioningAndTranslation.app */ = {isa = PBXFileReference; explicitFileType = wrapper.application; includeInIndex = 0; path = LiveCaptioningAndTranslation.app; sourceTree = BUILT_PRODUCTS_DIR; };
/* End PBXFileReference section */

/* Begin PBXFileSystemSynchronizedRootGroup section */
		347317902FB3F6B40095FF84 /* LiveCaptioningAndTranslation */ = {
			isa = PBXFileSystemSynchronizedRootGroup;
			path = LiveCaptioningAndTranslation;
			sourceTree = "<group>";
		};
/* End PBXFileSystemSynchronizedRootGroup section */

/* Begin PBXFrameworksBuildPhase section */
		3473178B2FB3F6B40095FF84 /* Frameworks */ = {
			isa = PBXFrameworksBuildPhase;
			buildActionMask = 2147483647;
			files = (
				347317B22FB3FA560095FF84 /* Cheetah in Frameworks */,
				347317B52FB3FA930095FF84 /* Zebra in Frameworks */,
				347317B82FB3FAAC0095FF84 /* ios_voice_processor in Frameworks */,
			);
			runOnlyForDeploymentPostprocessing = 0;
		};
/* End PBXFrameworksBuildPhase section */

/* Begin PBXGroup section */
		347317852FB3F6B40095FF84 = {
			isa = PBXGroup;
			children = (
				347317902FB3F6B40095FF84 /* LiveCaptioningAndTranslation */,
				3473178F2FB3F6B40095FF84 /* Products */,
			);
			sourceTree = "<group>";
		};
		3473178F2FB3F6B40095FF84 /* Products */ = {
			isa = PBXGroup;
			children = (
				3473178E2FB3F6B40095FF84 /* LiveCaptioningAndTranslation.app */,
			);
			name = Products;
			sourceTree = "<group>";
		};
/* End PBXGroup section */

/* Begin PBXNativeTarget section */
		3473178D2FB3F6B40095FF84 /* LiveCaptioningAndTranslation */ = {
			isa = PBXNativeTarget;
			buildConfigurationList = 347317992FB3F6B60095FF84 /* Build configuration list for PBXNativeTarget "LiveCaptioningAndTranslation" */;
			buildPhases = (
				3473178A2FB3F6B40095FF84 /* Sources */,
				3473178B2FB3F6B40095FF84 /* Frameworks */,
				3473178C2FB3F6B40095FF84 /* Resources */,
			);
			buildRules = (
			);
			dependencies = (
			);
			fileSystemSynchronizedGroups = (
				347317902FB3F6B40095FF84 /* LiveCaptioningAndTranslation */,
			);
			name = LiveCaptioningAndTranslation;
			packageProductDependencies = (
				347317B12FB3FA560095FF84 /* Cheetah */,
				347317B42FB3FA930095FF84 /* Zebra */,
				347317B72FB3FAAC0095FF84 /* ios_voice_processor */,
			);
			productName = LiveCaptioningAndTranslation;
			productReference = 3473178E2FB3F6B40095FF84 /* LiveCaptioningAndTranslation.app */;
			productType = "com.apple.product-type.application";
		};
/* End PBXNativeTarget section */

/* Begin PBXProject section */
		347317862FB3F6B40095FF84 /* Project object */ = {
			isa = PBXProject;
			attributes = {
				BuildIndependentTargetsInParallel = 1;
				LastSwiftUpdateCheck = 1640;
				LastUpgradeCheck = 1640;
				TargetAttributes = {
					3473178D2FB3F6B40095FF84 = {
						CreatedOnToolsVersion = 16.4;
					};
				};
			};
			buildConfigurationList = 347317892FB3F6B40095FF84 /* Build configuration list for PBXProject "LiveCaptioningAndTranslation" */;
			developmentRegion = en;
			hasScannedForEncodings = 0;
			knownRegions = (
				en,
				Base,
			);
			mainGroup = 347317852FB3F6B40095FF84;
			minimizedProjectReferenceProxies = 1;
			packageReferences = (
				347317B02FB3FA560095FF84 /* XCRemoteSwiftPackageReference "cheetah" */,
				347317B32FB3FA930095FF84 /* XCRemoteSwiftPackageReference "zebra" */,
				347317B62FB3FAAC0095FF84 /* XCRemoteSwiftPackageReference "ios-voice-processor" */,
			);
			preferredProjectObjectVersion = 77;
			productRefGroup = 3473178F2FB3F6B40095FF84 /* Products */;
			projectDirPath = "";
			projectRoot = "";
			targets = (
				3473178D2FB3F6B40095FF84 /* LiveCaptioningAndTranslation */,
			);
		};
/* End PBXProject section */

/* Begin PBXResourcesBuildPhase section */
		3473178C2FB3F6B40095FF84 /* Resources */ = {
			isa = PBXResourcesBuildPhase;
			buildActionMask = 2147483647;
			files = (
			);
			runOnlyForDeploymentPostprocessing = 0;
		};
/* End PBXResourcesBuildPhase section */

/* Begin PBXSourcesBuildPhase section */
		3473178A2FB3F6B40095FF84 /* Sources */ = {
			isa = PBXSourcesBuildPhase;
			buildActionMask = 2147483647;
			files = (
			);
			runOnlyForDeploymentPostprocessing = 0;
		};
/* End PBXSourcesBuildPhase section */

/* Begin XCBuildConfiguration section */
		347317972FB3F6B60095FF84 /* Debug */ = {
			isa = XCBuildConfiguration;
			buildSettings = {
				ALWAYS_SEARCH_USER_PATHS = NO;
				ASSETCATALOG_COMPILER_GENERATE_SWIFT_ASSET_SYMBOL_EXTENSIONS = YES;
				CLANG_ANALYZER_NONNULL = YES;
				CLANG_ANALYZER_NUMBER_OBJECT_CONVERSION = YES_AGGRESSIVE;
				CLANG_CXX_LANGUAGE_STANDARD = "gnu++20";
				CLANG_ENABLE_MODULES = YES;
				CLANG_ENABLE_OBJC_ARC = YES;
				CLANG_ENABLE_OBJC_WEAK = YES;
				CLANG_WARN_BLOCK_CAPTURE_AUTORELEASING = YES;
				CLANG_WARN_BOOL_CONVERSION = YES;
				CLANG_WARN_COMMA = YES;
				CLANG_WARN_CONSTANT_CONVERSION = YES;
				CLANG_WARN_DEPRECATED_OBJC_IMPLEMENTATIONS = YES;
				CLANG_WARN_DIRECT_OBJC_ISA_USAGE = YES_ERROR;
				CLANG_WARN_DOCUMENTATION_COMMENTS = YES;
				CLANG_WARN_EMPTY_BODY = YES;
				CLANG_WARN_ENUM_CONVERSION = YES;
				CLANG_WARN_INFINITE_RECURSION = YES;
				CLANG_WARN_INT_CONVERSION = YES;
				CLANG_WARN_NON_LITERAL_NULL_CONVERSION = YES;
				CLANG_WARN_OBJC_IMPLICIT_RETAIN_SELF = YES;
				CLANG_WARN_OBJC_LITERAL_CONVERSION = YES;
				CLANG_WARN_OBJC_ROOT_CLASS = YES_ERROR;
				CLANG_WARN_QUOTED_INCLUDE_IN_FRAMEWORK_HEADER = YES;
				CLANG_WARN_RANGE_LOOP_ANALYSIS = YES;
				CLANG_WARN_STRICT_PROTOTYPES = YES;
				CLANG_WARN_SUSPICIOUS_MOVE = YES;
				CLANG_WARN_UNGUARDED_AVAILABILITY = YES_AGGRESSIVE;
				CLANG_WARN_UNREACHABLE_CODE = YES;
				CLANG_WARN__DUPLICATE_METHOD_MATCH = YES;
				COPY_PHASE_STRIP = NO;
				DEBUG_INFORMATION_FORMAT = dwarf;
				ENABLE_STRICT_OBJC_MSGSEND = YES;
				ENABLE_TESTABILITY = YES;
				ENABLE_USER_SCRIPT_SANDBOXING = YES;
				GCC_C_LANGUAGE_STANDARD = gnu17;
				GCC_DYNAMIC_NO_PIC = NO;
				GCC_NO_COMMON_BLOCKS = YES;
				GCC_OPTIMIZATION_LEVEL = 0;
				GCC_PREPROCESSOR_DEFINITIONS = (
					"DEBUG=1",
					"$(inherited)",
				);
				GCC_WARN_64_TO_32_BIT_CONVERSION = YES;
				GCC_WARN_ABOUT_RETURN_TYPE = YES_ERROR;
				GCC_WARN_UNDECLARED_SELECTOR = YES;
				GCC_WARN_UNINITIALIZED_AUTOS = YES_AGGRESSIVE;
				GCC_WARN_UNUSED_FUNCTION = YES;
				GCC_WARN_UNUSED_VARIABLE = YES;
				IPHONEOS_DEPLOYMENT_TARGET = 18.5;
				LOCALIZATION_PREFERS_STRING_CATALOGS = YES;
				MTL_ENABLE_DEBUG_INFO = INCLUDE_SOURCE;
				MTL_FAST_MATH = YES;
				ONLY_ACTIVE_ARCH = YES;
				SDKROOT = iphoneos;
				SWIFT_ACTIVE_COMPILATION_CONDITIONS = "DEBUG $(inherited)";
				SWIFT_OPTIMIZATION_LEVEL = "-Onone";
			};
			name = Debug;
		};
		347317982FB3F6B60095FF84 /* Release */ = {
			isa = XCBuildConfiguration;
			buildSettings = {
				ALWAYS_SEARCH_USER_PATHS = NO;
				ASSETCATALOG_COMPILER_GENERATE_SWIFT_ASSET_SYMBOL_EXTENSIONS = YES;
				CLANG_ANALYZER_NONNULL = YES;
				CLANG_ANALYZER_NUMBER_OBJECT_CONVERSION = YES_AGGRESSIVE;
				CLANG_CXX_LANGUAGE_STANDARD = "gnu++20";
				CLANG_ENABLE_MODULES = YES;
				CLANG_ENABLE_OBJC_ARC = YES;
				CLANG_ENABLE_OBJC_WEAK = YES;
				CLANG_WARN_BLOCK_CAPTURE_AUTORELEASING = YES;
				CLANG_WARN_BOOL_CONVERSION = YES;
				CLANG_WARN_COMMA = YES;
				CLANG_WARN_CONSTANT_CONVERSION = YES;
				CLANG_WARN_DEPRECATED_OBJC_IMPLEMENTATIONS = YES;
				CLANG_WARN_DIRECT_OBJC_ISA_USAGE = YES_ERROR;
				CLANG_WARN_DOCUMENTATION_COMMENTS = YES;
				CLANG_WARN_EMPTY_BODY = YES;
				CLANG_WARN_ENUM_CONVERSION = YES;
				CLANG_WARN_INFINITE_RECURSION = YES;
				CLANG_WARN_INT_CONVERSION = YES;
				CLANG_WARN_NON_LITERAL_NULL_CONVERSION = YES;
				CLANG_WARN_OBJC_IMPLICIT_RETAIN_SELF = YES;
				CLANG_WARN_OBJC_LITERAL_CONVERSION = YES;
				CLANG_WARN_OBJC_ROOT_CLASS = YES_ERROR;
				CLANG_WARN_QUOTED_INCLUDE_IN_FRAMEWORK_HEADER = YES;
				CLANG_WARN_RANGE_LOOP_ANALYSIS = YES;
				CLANG_WARN_STRICT_PROTOTYPES = YES;
				CLANG_WARN_SUSPICIOUS_MOVE = YES;
				CLANG_WARN_UNGUARDED_AVAILABILITY = YES_AGGRESSIVE;
				CLANG_WARN_UNREACHABLE_CODE = YES;
				CLANG_WARN__DUPLICATE_METHOD_MATCH = YES;
				COPY_PHASE_STRIP = NO;
				DEBUG_INFORMATION_FORMAT = "dwarf-with-dsym";
				ENABLE_NS_ASSERTIONS = NO;
				ENABLE_STRICT_OBJC_MSGSEND = YES;
				ENABLE_USER_SCRIPT_SANDBOXING = YES;
				GCC_C_LANGUAGE_STANDARD = gnu17;
				GCC_NO_COMMON_BLOCKS = YES;
				GCC_WARN_64_TO_32_BIT_CONVERSION = YES;
				GCC_WARN_ABOUT_RETURN_TYPE = YES_ERROR;
				GCC_WARN_UNDECLARED_SELECTOR = YES;
				GCC_WARN_UNINITIALIZED_AUTOS = YES_AGGRESSIVE;
				GCC_WARN_UNUSED_FUNCTION = YES;
				GCC_WARN_UNUSED_VARIABLE = YES;
				IPHONEOS_DEPLOYMENT_TARGET = 18.5;
				LOCALIZATION_PREFERS_STRING_CATALOGS = YES;
				MTL_ENABLE_DEBUG_INFO = NO;
				MTL_FAST_MATH = YES;
				SDKROOT = iphoneos;
				SWIFT_COMPILATION_MODE = wholemodule;
				VALIDATE_PRODUCT = YES;
			};
			name = Release;
		};
		3473179A2FB3F6B60095FF84 /* Debug */ = {
			isa = XCBuildConfiguration;
			buildSettings = {
				ASSETCATALOG_COMPILER_APPICON_NAME = AppIcon;
				ASSETCATALOG_COMPILER_GLOBAL_ACCENT_COLOR_NAME = AccentColor;
				CODE_SIGN_STYLE = Automatic;
				CURRENT_PROJECT_VERSION = 1;
				ENABLE_PREVIEWS = YES;
				GENERATE_INFOPLIST_FILE = YES;
				INFOPLIST_KEY_UIApplicationSceneManifest_Generation = YES;
				INFOPLIST_KEY_UIApplicationSupportsIndirectInputEvents = YES;
				INFOPLIST_KEY_UILaunchScreen_Generation = YES;
				INFOPLIST_KEY_UISupportedInterfaceOrientations_iPad = "UIInterfaceOrientationPortrait UIInterfaceOrientationPortraitUpsideDown UIInterfaceOrientationLandscapeLeft UIInterfaceOrientationLandscapeRight";
				INFOPLIST_KEY_UISupportedInterfaceOrientations_iPhone = "UIInterfaceOrientationPortrait UIInterfaceOrientationLandscapeLeft UIInterfaceOrientationLandscapeRight";
				LD_RUNPATH_SEARCH_PATHS = (
					"$(inherited)",
					"@executable_path/Frameworks",
				);
				MARKETING_VERSION = 1.0;
				PRODUCT_BUNDLE_IDENTIFIER = ai.picovoice.LiveCaptioningAndTranslation;
				PRODUCT_NAME = "$(TARGET_NAME)";
				SWIFT_EMIT_LOC_STRINGS = YES;
				SWIFT_VERSION = 5.0;
				TARGETED_DEVICE_FAMILY = "1,2";
			};
			name = Debug;
		};
		3473179B2FB3F6B60095FF84 /* Release */ = {
			isa = XCBuildConfiguration;
			buildSettings = {
				ASSETCATALOG_COMPILER_APPICON_NAME = AppIcon;
				ASSETCATALOG_COMPILER_GLOBAL_ACCENT_COLOR_NAME = AccentColor;
				CODE_SIGN_STYLE = Automatic;
				CURRENT_PROJECT_VERSION = 1;
				ENABLE_PREVIEWS = YES;
				GENERATE_INFOPLIST_FILE = YES;
				INFOPLIST_KEY_UIApplicationSceneManifest_Generation = YES;
				INFOPLIST_KEY_UIApplicationSupportsIndirectInputEvents = YES;
				INFOPLIST_KEY_UILaunchScreen_Generation = YES;
				INFOPLIST_KEY_UISupportedInterfaceOrientations_iPad = "UIInterfaceOrientationPortrait UIInterfaceOrientationPortraitUpsideDown UIInterfaceOrientationLandscapeLeft UIInterfaceOrientationLandscapeRight";
				INFOPLIST_KEY_UISupportedInterfaceOrientations_iPhone = "UIInterfaceOrientationPortrait UIInterfaceOrientationLandscapeLeft UIInterfaceOrientationLandscapeRight";
				LD_RUNPATH_SEARCH_PATHS = (
					"$(inherited)",
					"@executable_path/Frameworks",
				);
				MARKETING_VERSION = 1.0;
				PRODUCT_BUNDLE_IDENTIFIER = ai.picovoice.LiveCaptioningAndTranslation;
				PRODUCT_NAME = "$(TARGET_NAME)";
				SWIFT_EMIT_LOC_STRINGS = YES;
				SWIFT_VERSION = 5.0;
				TARGETED_DEVICE_FAMILY = "1,2";
			};
			name = Release;
		};
/* End XCBuildConfiguration section */

/* Begin XCConfigurationList section */
		347317892FB3F6B40095FF84 /* Build configuration list for PBXProject "LiveCaptioningAndTranslation" */ = {
			isa = XCConfigurationList;
			buildConfigurations = (
				347317972FB3F6B60095FF84 /* Debug */,
				347317982FB3F6B60095FF84 /* Release */,
			);
			defaultConfigurationIsVisible = 0;
			defaultConfigurationName = Release;
		};
		347317992FB3F6B60095FF84 /* Build configuration list for PBXNativeTarget "LiveCaptioningAndTranslation" */ = {
			isa = XCConfigurationList;
			buildConfigurations = (
				3473179A2FB3F6B60095FF84 /* Debug */,
				3473179B2FB3F6B60095FF84 /* Release */,
			);
			defaultConfigurationIsVisible = 0;
			defaultConfigurationName = Release;
		};
/* End XCConfigurationList section */

/* Begin XCRemoteSwiftPackageReference section */
		347317B02FB3FA560095FF84 /* XCRemoteSwiftPackageReference "cheetah" */ = {
			isa = XCRemoteSwiftPackageReference;
			repositoryURL = "https://github.com/picovoice/cheetah";
			requirement = {
				kind = exactVersion;
				version = 4.0.3;
			};
		};
		347317B32FB3FA930095FF84 /* XCRemoteSwiftPackageReference "zebra" */ = {
			isa = XCRemoteSwiftPackageReference;
			repositoryURL = "https://github.com/picovoice/zebra";
			requirement = {
				kind = exactVersion;
				version = 1.0.0;
			};
		};
		347317B62FB3FAAC0095FF84 /* XCRemoteSwiftPackageReference "ios-voice-processor" */ = {
			isa = XCRemoteSwiftPackageReference;
			repositoryURL = "https://github.com/picovoice/ios-voice-processor";
			requirement = {
				kind = exactVersion;
				version = 1.2.0;
			};
		};
/* End XCRemoteSwiftPackageReference section */

/* Begin XCSwiftPackageProductDependency section */
		347317B12FB3FA560095FF84 /* Cheetah */ = {
			isa = XCSwiftPackageProductDependency;
			package = 347317B02FB3FA560095FF84 /* XCRemoteSwiftPackageReference "cheetah" */;
			productName = Cheetah;
		};
		347317B42FB3FA930095FF84 /* Zebra */ = {
			isa = XCSwiftPackageProductDependency;
			package = 347317B32FB3FA930095FF84 /* XCRemoteSwiftPackageReference "zebra" */;
			productName = Zebra;
		};
		347317B72FB3FAAC0095FF84 /* ios_voice_processor */ = {
			isa = XCSwiftPackageProductDependency;
			package = 347317B62FB3FAAC0095FF84 /* XCRemoteSwiftPackageReference "ios-voice-processor" */;
			productName = ios_voice_processor;
		};
/* End XCSwiftPackageProductDependency section */
	};
	rootObject = 347317862FB3F6B40095FF84 /* Project object */;
}
